
Microsoft Visual Studio Solution File, Format Version 12.00
# Visual Studio Version 17
VisualStudioVersion = 17.3.32929.385
MinimumVisualStudioVersion = 10.0.40219.1
Project("{9A19103F-16F7-4668-BE54-9A1E7A4F7556}") = "Vista.TP2", "Vista.TP2\Vista.TP2.csproj", "{B49FAECF-DDD3-4220-8E9B-291C37342BE6}"
EndProject
Project("{9A19103F-16F7-4668-BE54-9A1E7A4F7556}") = "Library.TP2", "Library.TP2\Library.TP2.csproj", "{1701467C-27D5-4A32-BEF2-1F78E80C8C4A}"
EndProject
Project("{FAE04EC0-301F-11D3-BF4B-00C04F79EFBC}") = "Library.TP2.Test", "Library.TP2.Test\Library.TP2.Test.csproj", "{3C9E25BC-AF9D-475C-8DE1-E1B1923CA5AB}"
EndProject
Global
	GlobalSection(SolutionConfigurationPlatforms) = preSolution
		Debug|Any CPU = Debug|Any CPU
		Release|Any CPU = Release|Any CPU
	EndGlobalSection
	GlobalSection(ProjectConfigurationPlatforms) = postSolution
		{B49FAECF-DDD3-4220-8E9B-291C37342BE6}.Debug|Any CPU.ActiveCfg = Debug|Any CPU
		{B49FAECF-DDD3-4220-8E9B-291C37342BE6}.Debug|Any CPU.Build.0 = Debug|Any CPU
		{B49FAECF-DDD3-4220-8E9B-291C37342BE6}.Release|Any CPU.ActiveCfg = Release|Any CPU
		{B49FAECF-DDD3-4220-8E9B-291C37342BE6}.Release|Any CPU.Build.0 = Release|Any CPU
		{1701467C-27D5-4A32-BEF2-1F78E80C8C4A}.Debug|Any CPU.ActiveCfg = Debug|Any CPU
		{1701467C-27D5-4A32-BEF2-1F78E80C8C4A}.Debug|Any CPU.Build.0 = Debug|Any CPU
		{1701467C-27D5-4A32-BEF2-1F78E80C8C4A}.Release|Any CPU.ActiveCfg = Release|Any CPU
		{1701467C-27D5-4A32-BEF2-1F78E80C8C4A}.Release|Any CPU.Build.0 = Release|Any CPU
		{3C9E25BC-AF9D-475C-8DE1-E1B1923CA5AB}.Debug|Any CPU.ActiveCfg = Debug|Any CPU
		{3C9E25BC-AF9D-475C-8DE1-E1B1923CA5AB}.Debug|Any CPU.Build.0 = Debug|Any CPU
		{3C9E25BC-AF9D-475C-8DE1-E1B1923CA5AB}.Release|Any CPU.ActiveCfg = Release|Any CPU
		{3C9E25BC-AF9D-475C-8DE1-E1B1923CA5AB}.Release|Any CPU.Build.0 = Release|Any CPU
	EndGlobalSection
	GlobalSection(SolutionProperties) = preSolution
		HideSolutionNode = FALSE
	EndGlobalSection
	GlobalSection(ExtensibilityGlobals) = postSolution
		SolutionGuid = {F2ED1602-8786-451F-9774-75BA06B816E9}
	EndGlobalSection
EndGlobal
