
Microsoft Visual Studio Solution File, Format Version 12.00
# Visual Studio Version 17
VisualStudioVersion = 17.3.32929.385
MinimumVisualStudioVersion = 10.0.40219.1
Project("{FAE04EC0-301F-11D3-BF4B-00C04F79EFBC}") = "Vista", "Vista\Vista.csproj", "{2209D3F4-3AE0-4CC7-B320-3B54349C4619}"
EndProject
Project("{FAE04EC0-301F-11D3-BF4B-00C04F79EFBC}") = "Entidades", "Entidades\Entidades.csproj", "{008B7363-C9DB-4D03-BDE7-572A65D4DFD1}"
EndProject
Global
	GlobalSection(SolutionConfigurationPlatforms) = preSolution
		Debug|Any CPU = Debug|Any CPU
		Release|Any CPU = Release|Any CPU
	EndGlobalSection
	GlobalSection(ProjectConfigurationPlatforms) = postSolution
		{2209D3F4-3AE0-4CC7-B320-3B54349C4619}.Debug|Any CPU.ActiveCfg = Debug|Any CPU
		{2209D3F4-3AE0-4CC7-B320-3B54349C4619}.Debug|Any CPU.Build.0 = Debug|Any CPU
		{2209D3F4-3AE0-4CC7-B320-3B54349C4619}.Release|Any CPU.ActiveCfg = Release|Any CPU
		{2209D3F4-3AE0-4CC7-B320-3B54349C4619}.Release|Any CPU.Build.0 = Release|Any CPU
		{008B7363-C9DB-4D03-BDE7-572A65D4DFD1}.Debug|Any CPU.ActiveCfg = Debug|Any CPU
		{008B7363-C9DB-4D03-BDE7-572A65D4DFD1}.Debug|Any CPU.Build.0 = Debug|Any CPU
		{008B7363-C9DB-4D03-BDE7-572A65D4DFD1}.Release|Any CPU.ActiveCfg = Release|Any CPU
		{008B7363-C9DB-4D03-BDE7-572A65D4DFD1}.Release|Any CPU.Build.0 = Release|Any CPU
	EndGlobalSection
	GlobalSection(SolutionProperties) = preSolution
		HideSolutionNode = FALSE
	EndGlobalSection
	GlobalSection(ExtensibilityGlobals) = postSolution
		SolutionGuid = {112669F7-A299-4F3C-A332-9D104CAA5589}
	EndGlobalSection
EndGlobal
