
Microsoft Visual Studio Solution File, Format Version 12.00
# Visual Studio Version 17
VisualStudioVersion = 17.2.32616.157
MinimumVisualStudioVersion = 10.0.40219.1
Project("{FAE04EC0-301F-11D3-BF4B-00C04F79EFBC}") = "Parcial_Laboratorio", "Parcial_Laboratorio\Parcial_Laboratorio.csproj", "{DE8FD45A-6698-46AC-B099-A8A6FEB472FB}"
EndProject
Project("{FAE04EC0-301F-11D3-BF4B-00C04F79EFBC}") = "Parcial_Library", "Parcial_Library\Parcial_Library.csproj", "{5E0739C4-9049-499C-8AC3-73123A8401C4}"
EndProject
Global
	GlobalSection(SolutionConfigurationPlatforms) = preSolution
		Debug|Any CPU = Debug|Any CPU
		Release|Any CPU = Release|Any CPU
	EndGlobalSection
	GlobalSection(ProjectConfigurationPlatforms) = postSolution
		{DE8FD45A-6698-46AC-B099-A8A6FEB472FB}.Debug|Any CPU.ActiveCfg = Debug|Any CPU
		{DE8FD45A-6698-46AC-B099-A8A6FEB472FB}.Debug|Any CPU.Build.0 = Debug|Any CPU
		{DE8FD45A-6698-46AC-B099-A8A6FEB472FB}.Release|Any CPU.ActiveCfg = Release|Any CPU
		{DE8FD45A-6698-46AC-B099-A8A6FEB472FB}.Release|Any CPU.Build.0 = Release|Any CPU
		{5E0739C4-9049-499C-8AC3-73123A8401C4}.Debug|Any CPU.ActiveCfg = Debug|Any CPU
		{5E0739C4-9049-499C-8AC3-73123A8401C4}.Debug|Any CPU.Build.0 = Debug|Any CPU
		{5E0739C4-9049-499C-8AC3-73123A8401C4}.Release|Any CPU.ActiveCfg = Release|Any CPU
		{5E0739C4-9049-499C-8AC3-73123A8401C4}.Release|Any CPU.Build.0 = Release|Any CPU
	EndGlobalSection
	GlobalSection(SolutionProperties) = preSolution
		HideSolutionNode = FALSE
	EndGlobalSection
	GlobalSection(ExtensibilityGlobals) = postSolution
		SolutionGuid = {4F8EC8F1-4866-4C37-B62B-15641C92F138}
	EndGlobalSection
EndGlobal
